{
  "lockfileVersion": 1,
  "configVersion": 1,
  "workspaces": {
    "": {
      "name": "notion-to-lua",
      "dependencies": {
        "@notionhq/client": "^5.23.0",
        "smol-toml": "^1.7.0",
      },
      "devDependencies": {
        "@types/node": "^22.9.0",
        "typescript": "^5.8.0",
      },
    },
  },
  "packages": {
    "@notionhq/client": ["@notionhq/client@5.23.2", "", {}, "sha512-iyD5VU9MoNxCR0GespotyrMlBpO4kLG+BaZK2JpZW1yfFqrmOYmZGb3wl4xqfq3n1Z9eekFwNcZD6t63SaESig=="],

    "@types/node": ["@types/node@22.20.1", "", { "dependencies": { "undici-types": "~6.21.0" } }, "sha512-EANqOCF9QFyra+4pfxUcX9STKJpCLjMbObVzljIJomAWSnuSIEAvyzEU53GaajbXJEgdh0iEcPL+DGvpUd4k1Q=="],

    "smol-toml": ["smol-toml@1.7.0", "", {}, "sha512-aqVvWoyO21L23mb+drl4RmMXbf6N7FdHjAhTRA9ZBL7apWBgfWC16KjrASI+1p9GAroljyMHj6fK67i0UiTNvQ=="],

    "typescript": ["typescript@5.9.3", "", { "bin": { "tsc": "bin/tsc", "tsserver": "bin/tsserver" } }, "sha512-jl1vZzPDinLr9eUt3J/t7V6FgNEw9QjvBPdysz9KfQDD41fQrC2Y4vKQdiaUpFT4bXlb1RHhLpp8wtm6M5TgSw=="],

    "undici-types": ["undici-types@6.21.0", "", {}, "sha512-iwDZqg0QAGrg9Rav5H4n0M64c3mkR59cJ6wQp+7C4nI0gsmExaedaYLNO44eT4AtBBwjbTiGPMlt2Md0T9H9JQ=="],
  }
}
